// !$*UTF8*$!
{
	archiveVersion = 1;
	classes = {
	};
	objectVersion = 46;
	objects = {

/* Begin PBXBuildFile section */
		8B07DFFB1D9119D4006E3E54 /* main.m in Sources */ = {isa = PBXBuildFile; fileRef = 8B07DFFA1D9119D4006E3E54 /* main.m */; };
		8B07DFFE1D9119D4006E3E54 /* AppDelegate.m in Sources */ = {isa = PBXBuildFile; fileRef = 8B07DFFD1D9119D4006E3E54 /* AppDelegate.m */; };
		8B07E0011D9119D4006E3E54 /* ViewController.m in Sources */ = {isa = PBXBuildFile; fileRef = 8B07E0001D9119D4006E3E54 /* ViewController.m */; };
		8B07E0041D9119D4006E3E54 /* Main.storyboard in Resources */ = {isa = PBXBuildFile; fileRef = 8B07E0021D9119D4006E3E54 /* Main.storyboard */; };
		8B07E0061D9119D4006E3E54 /* Assets.xcassets in Resources */ = {isa = PBXBuildFile; fileRef = 8B07E0051D9119D4006E3E54 /* Assets.xcassets */; };
		8B07E0091D9119D4006E3E54 /* LaunchScreen.storyboard in Resources */ = {isa = PBXBuildFile; fileRef = 8B07E0071D9119D4006E3E54 /* LaunchScreen.storyboard */; };
/* End PBXBuildFile section */

/* Begin PBXFileReference section */
		8B07DFF61D9119D4006E3E54 /* GoogleMapDemo.app */ = {isa = PBXFileReference; explicitFileType = wrapper.application; includeInIndex = 0; path = GoogleMapDemo.app; sourceTree = BUILT_PRODUCTS_DIR; };
		8B07DFFA1D9119D4006E3E54 /* main.m */ = {isa = PBXFileReference; lastKnownFileType = sourcecode.c.objc; path = main.m; sourceTree = "<group>"; };
		8B07DFFC1D9119D4006E3E54 /* AppDelegate.h */ = {isa = PBXFileReference; lastKnownFileType = sourcecode.c.h; path = AppDelegate.h; sourceTree = "<group>"; };
		8B07DFFD1D9119D4006E3E54 /* AppDelegate.m */ = {isa = PBXFileReference; lastKnownFileType = sourcecode.c.objc; path = AppDelegate.m; sourceTree = "<group>"; };
		8B07DFFF1D9119D4006E3E54 /* ViewController.h */ = {isa = PBXFileReference; lastKnownFileType = sourcecode.c.h; path = ViewController.h; sourceTree = "<group>"; };
		8B07E0001D9119D4006E3E54 /* ViewController.m */ = {isa = PBXFileReference; lastKnownFileType = sourcecode.c.objc; path = ViewController.m; sourceTree = "<group>"; };
		8B07E0031D9119D4006E3E54 /* Base */ = {isa = PBXFileReference; lastKnownFileType = file.storyboard; name = Base; path = Base.lproj/Main.storyboard; sourceTree = "<group>"; };
		8B07E0051D9119D4006E3E54 /* Assets.xcassets */ = {isa = PBXFileReference; lastKnownFileType = folder.assetcatalog; path = Assets.xcassets; sourceTree = "<group>"; };
		8B07E0081D9119D4006E3E54 /* Base */ = {isa = PBXFileReference; lastKnownFileType = file.storyboard; name = Base; path = Base.lproj/LaunchScreen.storyboard; sourceTree = "<group>"; };
		8B07E00A1D9119D4006E3E54 /* Info.plist */ = {isa = PBXFileReference; lastKnownFileType = text.plist.xml; path = Info.plist; sourceTree = "<group>"; };
/* End PBXFileReference section */

/* Begin PBXFrameworksBuildPhase section */
		8B07DFF31D9119D4006E3E54 /* Frameworks */ = {
			isa = PBXFrameworksBuildPhase;
			buildActionMask = 2147483647;
			files = (
			);
			runOnlyForDeploymentPostprocessing = 0;
		};
/* End PBXFrameworksBuildPhase section */

/* Begin PBXGroup section */
		8B07DFED1D9119D4006E3E54 = {
			isa = PBXGroup;
			children = (
				8B07DFF81D9119D4006E3E54 /* GoogleMapDemo */,
				8B07DFF71D9119D4006E3E54 /* Products */,
			);
			sourceTree = "<group>";
		};
		8B07DFF71D9119D4006E3E54 /* Products */ = {
			isa = PBXGroup;
			children = (
				8B07DFF61D9119D4006E3E54 /* GoogleMapDemo.app */,
			);
			name = Products;
			sourceTree = "<group>";
		};
		8B07DFF81D9119D4006E3E54 /* GoogleMapDemo */ = {
			isa = PBXGroup;
			children = (
				8B07DFFC1D9119D4006E3E54 /* AppDelegate.h */,
				8B07DFFD1D9119D4006E3E54 /* AppDelegate.m */,
				8B07DFFF1D9119D4006E3E54 /* ViewController.h */,
				8B07E0001D9119D4006E3E54 /* ViewController.m */,
				8B07E0021D9119D4006E3E54 /* Main.storyboard */,
				8B07E0051D9119D4006E3E54 /* Assets.xcassets */,
				8B07E0071D9119D4006E3E54 /* LaunchScreen.storyboard */,
				8B07E00A1D9119D4006E3E54 /* Info.plist */,
				8B07DFF91D9119D4006E3E54 /* Supporting Files */,
			);
			path = GoogleMapDemo;
			sourceTree = "<group>";
		};
		8B07DFF91D9119D4006E3E54 /* Supporting Files */ = {
			isa = PBXGroup;
			children = (
				8B07DFFA1D9119D4006E3E54 /* main.m */,
			);
			name = "Supporting Files";
			sourceTree = "<group>";
		};
/* End PBXGroup section */

/* Begin PBXNativeTarget section */
		8B07DFF51D9119D4006E3E54 /* GoogleMapDemo */ = {
			isa = PBXNativeTarget;
			buildConfigurationList = 8B07E00D1D9119D4006E3E54 /* Build configuration list for PBXNativeTarget "GoogleMapDemo" */;
			buildPhases = (
				8B07DFF21D9119D4006E3E54 /* Sources */,
				8B07DFF31D9119D4006E3E54 /* Frameworks */,
				8B07DFF41D9119D4006E3E54 /* Resources */,
			);
			buildRules = (
			);
			dependencies = (
			);
			name = GoogleMapDemo;
			productName = GoogleMapDemo;
			productReference = 8B07DFF61D9119D4006E3E54 /* GoogleMapDemo.app */;
			productType = "com.apple.product-type.application";
		};
/* End PBXNativeTarget section */

/* Begin PBXProject section */
		8B07DFEE1D9119D4006E3E54 /* Project object */ = {
			isa = PBXProject;
			attributes = {
				LastUpgradeCheck = 0730;
				ORGANIZATIONNAME = themask;
				TargetAttributes = {
					8B07DFF51D9119D4006E3E54 = {
						CreatedOnToolsVersion = 7.3.1;
					};
				};
			};
			buildConfigurationList = 8B07DFF11D9119D4006E3E54 /* Build configuration list for PBXProject "GoogleMapDemo" */;
			compatibilityVersion = "Xcode 3.2";
			developmentRegion = English;
			hasScannedForEncodings = 0;
			knownRegions = (
				en,
				Base,
			);
			mainGroup = 8B07DFED1D9119D4006E3E54;
			productRefGroup = 8B07DFF71D9119D4006E3E54 /* Products */;
			projectDirPath = "";
			projectRoot = "";
			targets = (
				8B07DFF51D9119D4006E3E54 /* GoogleMapDemo */,
			);
		};
/* End PBXProject section */

/* Begin PBXResourcesBuildPhase section */
		8B07DFF41D9119D4006E3E54 /* Resources */ = {
			isa = PBXResourcesBuildPhase;
			buildActionMask = 2147483647;
			files = (
				8B07E0091D9119D4006E3E54 /* LaunchScreen.storyboard in Resources */,
				8B07E0061D9119D4006E3E54 /* Assets.xcassets in Resources */,
				8B07E0041D9119D4006E3E54 /* Main.storyboard in Resources */,
			);
			runOnlyForDeploymentPostprocessing = 0;
		};
/* End PBXResourcesBuildPhase section */

/* Begin PBXSourcesBuildPhase section */
		8B07DFF21D9119D4006E3E54 /* Sources */ = {
			isa = PBXSourcesBuildPhase;
			buildActionMask = 2147483647;
			files = (
				8B07E0011D9119D4006E3E54 /* ViewController.m in Sources */,
				8B07DFFE1D9119D4006E3E54 /* AppDelegate.m in Sources */,
				8B07DFFB1D9119D4006E3E54 /* main.m in Sources */,
			);
			runOnlyForDeploymentPostprocessing = 0;
		};
/* End PBXSourcesBuildPhase section */

/* Begin PBXVariantGroup section */
		8B07E0021D9119D4006E3E54 /* Main.storyboard */ = {
			isa = PBXVariantGroup;
			children = (
				8B07E0031D9119D4006E3E54 /* Base */,
			);
			name = Main.storyboard;
			sourceTree = "<group>";
		};
		8B07E0071D9119D4006E3E54 /* LaunchScreen.storyboard */ = {
			isa = PBXVariantGroup;
			children = (
				8B07E0081D9119D4006E3E54 /* Base */,
			);
			name = LaunchScreen.storyboard;
			sourceTree = "<group>";
		};
/* End PBXVariantGroup section */

/* Begin XCBuildConfiguration section */
		8B07E00B1D9119D4006E3E54 /* Debug */ = {
			isa = XCBuildConfiguration;
			buildSettings = {
				ALWAYS_SEARCH_USER_PATHS = NO;
				CLANG_ANALYZER_NONNULL = YES;
				CLANG_CXX_LANGUAGE_STANDARD = "gnu++0x";
				CLANG_CXX_LIBRARY = "libc++";
				CLANG_ENABLE_MODULES = YES;
				CLANG_ENABLE_OBJC_ARC = YES;
				CLANG_WARN_BOOL_CONVERSION = YES;
				CLANG_WARN_CONSTANT_CONVERSION = YES;
				CLANG_WARN_DIRECT_OBJC_ISA_USAGE = YES_ERROR;
				CLANG_WARN_EMPTY_BODY = YES;
				CLANG_WARN_ENUM_CONVERSION = YES;
				CLANG_WARN_INT_CONVERSION = YES;
				CLANG_WARN_OBJC_ROOT_CLASS = YES_ERROR;
				CLANG_WARN_UNREACHABLE_CODE = YES;
				CLANG_WARN__DUPLICATE_METHOD_MATCH = YES;
				"CODE_SIGN_IDENTITY[sdk=iphoneos*]" = "iPhone Developer";
				COPY_PHASE_STRIP = NO;
				DEBUG_INFORMATION_FORMAT = dwarf;
				ENABLE_STRICT_OBJC_MSGSEND = YES;
				ENABLE_TESTABILITY = YES;
				GCC_C_LANGUAGE_STANDARD = gnu99;
				GCC_DYNAMIC_NO_PIC = NO;
				GCC_NO_COMMON_BLOCKS = YES;
				GCC_OPTIMIZATION_LEVEL = 0;
				GCC_PREPROCESSOR_DEFINITIONS = (
					"DEBUG=1",
					"$(inherited)",
				);
				GCC_WARN_64_TO_32_BIT_CONVERSION = YES;
				GCC_WARN_ABOUT_RETURN_TYPE = YES_ERROR;
				GCC_WARN_UNDECLARED_SELECTOR = YES;
				GCC_WARN_UNINITIALIZED_AUTOS = YES_AGGRESSIVE;
				GCC_WARN_UNUSED_FUNCTION = YES;
				GCC_WARN_UNUSED_VARIABLE = YES;
				IPHONEOS_DEPLOYMENT_TARGET = 9.3;
				MTL_ENABLE_DEBUG_INFO = YES;
				ONLY_ACTIVE_ARCH = YES;
				SDKROOT = iphoneos;
			};
			name = Debug;
		};
		8B07E00C1D9119D4006E3E54 /* Release */ = {
			isa = XCBuildConfiguration;
			buildSettings = {
				ALWAYS_SEARCH_USER_PATHS = NO;
				CLANG_ANALYZER_NONNULL = YES;
				CLANG_CXX_LANGUAGE_STANDARD = "gnu++0x";
				CLANG_CXX_LIBRARY = "libc++";
				CLANG_ENABLE_MODULES = YES;
				CLANG_ENABLE_OBJC_ARC = YES;
				CLANG_WARN_BOOL_CONVERSION = YES;
				CLANG_WARN_CONSTANT_CONVERSION = YES;
				CLANG_WARN_DIRECT_OBJC_ISA_USAGE = YES_ERROR;
				CLANG_WARN_EMPTY_BODY = YES;
				CLANG_WARN_ENUM_CONVERSION = YES;
				CLANG_WARN_INT_CONVERSION = YES;
				CLANG_WARN_OBJC_ROOT_CLASS = YES_ERROR;
				CLANG_WARN_UNREACHABLE_CODE = YES;
				CLANG_WARN__DUPLICATE_METHOD_MATCH = YES;
				"CODE_SIGN_IDENTITY[sdk=iphoneos*]" = "iPhone Developer";
				COPY_PHASE_STRIP = NO;
				DEBUG_INFORMATION_FORMAT = "dwarf-with-dsym";
				ENABLE_NS_ASSERTIONS = NO;
				ENABLE_STRICT_OBJC_MSGSEND = YES;
				GCC_C_LANGUAGE_STANDARD = gnu99;
				GCC_NO_COMMON_BLOCKS = YES;
				GCC_WARN_64_TO_32_BIT_CONVERSION = YES;
				GCC_WARN_ABOUT_RETURN_TYPE = YES_ERROR;
				GCC_WARN_UNDECLARED_SELECTOR = YES;
				GCC_WARN_UNINITIALIZED_AUTOS = YES_AGGRESSIVE;
				GCC_WARN_UNUSED_FUNCTION = YES;
				GCC_WARN_UNUSED_VARIABLE = YES;
				IPHONEOS_DEPLOYMENT_TARGET = 9.3;
				MTL_ENABLE_DEBUG_INFO = NO;
				SDKROOT = iphoneos;
				VALIDATE_PRODUCT = YES;
			};
			name = Release;
		};
		8B07E00E1D9119D4006E3E54 /* Debug */ = {
			isa = XCBuildConfiguration;
			buildSettings = {
				ASSETCATALOG_COMPILER_APPICON_NAME = AppIcon;
				INFOPLIST_FILE = GoogleMapDemo/Info.plist;
				IPHONEOS_DEPLOYMENT_TARGET = 7.0;
				LD_RUNPATH_SEARCH_PATHS = "$(inherited) @executable_path/Frameworks";
				PRODUCT_BUNDLE_IDENTIFIER = com.themask.GoogleMapDemo;
				PRODUCT_NAME = "$(TARGET_NAME)";
			};
			name = Debug;
		};
		8B07E00F1D9119D4006E3E54 /* Release */ = {
			isa = XCBuildConfiguration;
			buildSettings = {
				ASSETCATALOG_COMPILER_APPICON_NAME = AppIcon;
				INFOPLIST_FILE = GoogleMapDemo/Info.plist;
				IPHONEOS_DEPLOYMENT_TARGET = 7.0;
				LD_RUNPATH_SEARCH_PATHS = "$(inherited) @executable_path/Frameworks";
				PRODUCT_BUNDLE_IDENTIFIER = com.themask.GoogleMapDemo;
				PRODUCT_NAME = "$(TARGET_NAME)";
			};
			name = Release;
		};
/* End XCBuildConfiguration section */

/* Begin XCConfigurationList section */
		8B07DFF11D9119D4006E3E54 /* Build configuration list for PBXProject "GoogleMapDemo" */ = {
			isa = XCConfigurationList;
			buildConfigurations = (
				8B07E00B1D9119D4006E3E54 /* Debug */,
				8B07E00C1D9119D4006E3E54 /* Release */,
			);
			defaultConfigurationIsVisible = 0;
			defaultConfigurationName = Release;
		};
		8B07E00D1D9119D4006E3E54 /* Build configuration list for PBXNativeTarget "GoogleMapDemo" */ = {
			isa = XCConfigurationList;
			buildConfigurations = (
				8B07E00E1D9119D4006E3E54 /* Debug */,
				8B07E00F1D9119D4006E3E54 /* Release */,
			);
			defaultConfigurationIsVisible = 0;
			defaultConfigurationName = Release;
		};
/* End XCConfigurationList section */
	};
	rootObject = 8B07DFEE1D9119D4006E3E54 /* Project object */;
}
